
Microsoft Visual Studio Solution File, Format Version 12.00
# Visual Studio 15
VisualStudioVersion = 15.0.26403.7
MinimumVisualStudioVersion = 10.0.40219.1
Project("{FAE04EC0-301F-11D3-BF4B-00C04F79EFBC}") = "ImpactWebsite", "ImpactWebsite\ImpactWebsite.csproj", "{78B7C070-6A3E-4F76-89C7-3135D6B092E6}"
EndProject
Project("{FAE04EC0-301F-11D3-BF4B-00C04F79EFBC}") = "ImpactWebsite.UItests", "ImpactWebsite.UItests\ImpactWebsite.UItests.csproj", "{FE6DFC84-4616-4175-A673-A41C6F63495A}"
EndProject
Project("{FAE04EC0-301F-11D3-BF4B-00C04F79EFBC}") = "ImpactWebsite.Tests", "ImpactWebsite.Tests\ImpactWebsite.Tests.csproj", "{3A10C4B5-43F9-4AA4-80A2-5831E4A59775}"
EndProject
Global
	GlobalSection(SolutionConfigurationPlatforms) = preSolution
		Debug|Any CPU = Debug|Any CPU
		Release|Any CPU = Release|Any CPU
	EndGlobalSection
	GlobalSection(ProjectConfigurationPlatforms) = postSolution
		{78B7C070-6A3E-4F76-89C7-3135D6B092E6}.Debug|Any CPU.ActiveCfg = Debug|Any CPU
		{78B7C070-6A3E-4F76-89C7-3135D6B092E6}.Debug|Any CPU.Build.0 = Debug|Any CPU
		{78B7C070-6A3E-4F76-89C7-3135D6B092E6}.Release|Any CPU.ActiveCfg = Release|Any CPU
		{78B7C070-6A3E-4F76-89C7-3135D6B092E6}.Release|Any CPU.Build.0 = Release|Any CPU
		{FE6DFC84-4616-4175-A673-A41C6F63495A}.Debug|Any CPU.ActiveCfg = Debug|Any CPU
		{FE6DFC84-4616-4175-A673-A41C6F63495A}.Debug|Any CPU.Build.0 = Debug|Any CPU
		{FE6DFC84-4616-4175-A673-A41C6F63495A}.Release|Any CPU.ActiveCfg = Release|Any CPU
		{FE6DFC84-4616-4175-A673-A41C6F63495A}.Release|Any CPU.Build.0 = Release|Any CPU
		{3A10C4B5-43F9-4AA4-80A2-5831E4A59775}.Debug|Any CPU.ActiveCfg = Debug|Any CPU
		{3A10C4B5-43F9-4AA4-80A2-5831E4A59775}.Debug|Any CPU.Build.0 = Debug|Any CPU
		{3A10C4B5-43F9-4AA4-80A2-5831E4A59775}.Release|Any CPU.ActiveCfg = Release|Any CPU
		{3A10C4B5-43F9-4AA4-80A2-5831E4A59775}.Release|Any CPU.Build.0 = Release|Any CPU
	EndGlobalSection
	GlobalSection(SolutionProperties) = preSolution
		HideSolutionNode = FALSE
	EndGlobalSection
EndGlobal
